Microsoft Visual Studio Solution File, Format Version 9.00
# Visual Studio 2005
Project("{8BC9CEB8-8B4A-11D0-8D11-00A0C91BC942}") = "build", "build.vcproj", "{_msvc_build_uuid_}"
EndProject
Project("{8BC9CEB8-8B4A-11D0-8D11-00A0C91BC942}") = "doc", "doc.vcproj", "{_msvc_doc_uuid_}"
EndProject
Project("{8BC9CEB8-8B4A-11D0-8D11-00A0C91BC942}") = "example", "example.vcproj", "{_msvc_example_uuid_}"
EndProject
Project("{8BC9CEB8-8B4A-11D0-8D11-00A0C91BC942}") = "test", "test.vcproj", "{_msvc_test_uuid_}"
EndProject
Global
	GlobalSection(SolutionConfigurationPlatforms) = preSolution
		debug|Win32 = debug|Win32
		release|Win32 = release|Win32
	EndGlobalSection
	GlobalSection(ProjectConfigurationPlatforms) = postSolution
		{_msvc_build_uuid_}.debug|Win32.ActiveCfg = debug|Win32
		{_msvc_build_uuid_}.debug|Win32.Build.0 = debug|Win32
		{_msvc_build_uuid_}.release|Win32.ActiveCfg = release|Win32
		{_msvc_build_uuid_}.release|Win32.Build.0 = release|Win32
		{_msvc_doc_uuid_}.debug|Win32.ActiveCfg = release|Win32
		{_msvc_doc_uuid_}.debug|Win32.Build.0 = release|Win32
		{_msvc_doc_uuid_}.release|Win32.ActiveCfg = release|Win32
		{_msvc_doc_uuid_}.release|Win32.Build.0 = release|Win32
		{_msvc_example_uuid_}.debug|Win32.ActiveCfg = debug|Win32
		{_msvc_example_uuid_}.debug|Win32.Build.0 = debug|Win32
		{_msvc_example_uuid_}.release|Win32.ActiveCfg = release|Win32
		{_msvc_example_uuid_}.release|Win32.Build.0 = release|Win32
		{_msvc_test_uuid_}.debug|Win32.ActiveCfg = debug|Win32
		{_msvc_test_uuid_}.debug|Win32.Build.0 = debug|Win32
		{_msvc_test_uuid_}.release|Win32.ActiveCfg = release|Win32
		{_msvc_test_uuid_}.release|Win32.Build.0 = release|Win32
	EndGlobalSection
	GlobalSection(SolutionProperties) = preSolution
		HideSolutionNode = FALSE
	EndGlobalSection
EndGlobal
