
Microsoft Visual Studio Solution File, Format Version 10.00
# Visual C++ Express 2008
Project("{8BC9CEB8-8B4A-11D0-8D11-00A0C91BC942}") = "test_heron", "test_heron.vcproj", "{D61419DF-8BE9-4B3B-B541-FD5F17F47E5E}"
EndProject
Global
	GlobalSection(SolutionConfigurationPlatforms) = preSolution
		Debug|Win32 = Debug|Win32
		Release|Win32 = Release|Win32
	EndGlobalSection
	GlobalSection(ProjectConfigurationPlatforms) = postSolution
		{D61419DF-8BE9-4B3B-B541-FD5F17F47E5E}.Debug|Win32.ActiveCfg = Debug|Win32
		{D61419DF-8BE9-4B3B-B541-FD5F17F47E5E}.Debug|Win32.Build.0 = Debug|Win32
		{D61419DF-8BE9-4B3B-B541-FD5F17F47E5E}.Release|Win32.ActiveCfg = Release|Win32
		{D61419DF-8BE9-4B3B-B541-FD5F17F47E5E}.Release|Win32.Build.0 = Release|Win32
	EndGlobalSection
	GlobalSection(SolutionProperties) = preSolution
		HideSolutionNode = FALSE
	EndGlobalSection
EndGlobal
