
Microsoft Visual Studio Solution File, Format Version 10.00
# Visual Studio 2008
Project("{8BC9CEB8-8B4A-11D0-8D11-00A0C91BC942}") = "vc9_labat_itl_set", "labat_itl_set_\vc9_labat_itl_set.vcproj", "{BF42574F-66E2-42DD-90D9-3A8FCE6F4723}"
EndProject
Project("{8BC9CEB8-8B4A-11D0-8D11-00A0C91BC942}") = "vc9_labat_itv_bitset", "labat_itv_bitset_\vc9_labat_itv_bitset.vcproj", "{BF42574F-66E2-42DD-90D9-3A8FCE6F472B}"
EndProject
Project("{8BC9CEB8-8B4A-11D0-8D11-00A0C91BC942}") = "vc9_labat_unsigned_quantifier", "labat_unsigned_quantifier_\vc9_labat_unsigned_quantifier.vcproj", "{BF42574F-66E2-42DD-90D9-3A8FCE6F4720}"
EndProject
Project("{8BC9CEB8-8B4A-11D0-8D11-00A0C91BC942}") = "vc9_labat_bit_collector", "labat_bit_collector_\vc9_labat_bit_collector.vcproj", "{9EF72937-0585-487D-B887-5359BFA569E9}"
EndProject
Project("{8BC9CEB8-8B4A-11D0-8D11-00A0C91BC942}") = "vc9_labat_single", "labat_single_\vc9_labat_single.vcproj", "{BF42574F-66E2-42DD-90D9-3A8FCE6F471C}"
EndProject
Project("{8BC9CEB8-8B4A-11D0-8D11-00A0C91BC942}") = "vc9_labat_sorted_associative_map", "labat_sorted_associative_map_\vc9_labat_sorted_associative_map.vcproj", "{BF42574F-66E2-42DD-90D9-3A8FCE6F4762}"
EndProject
Project("{8BC9CEB8-8B4A-11D0-8D11-00A0C91BC942}") = "vc9_labat_sorted_associative_set", "labat_sorted_associative_set_\vc9_labat_sorted_associative_set.vcproj", "{BF42574F-66E2-42DD-90D9-3A8FCE6F4763}"
EndProject
Project("{8BC9CEB8-8B4A-11D0-8D11-00A0C91BC942}") = "vc9_labat_sorted_associative_bitset", "labat_sorted_associative_bitset_\vc9_labat_sorted_associative_bitset.vcproj", "{BF42574F-66E2-42DD-90D9-3A8FCE6F4764}"
EndProject
Project("{8BC9CEB8-8B4A-11D0-8D11-00A0C91BC942}") = "vc9_labat_sorted_associative_bitset_back", "labat_sorted_associative_bitset_back_\vc9_labat_sorted_associative_bitset_back.vcproj", "{AFBDE020-1287-4EE8-A2DB-43F6157FD660}"
EndProject
Project("{8BC9CEB8-8B4A-11D0-8D11-00A0C91BC942}") = "vc9_labat_sorted_associative_set_back", "labat_sorted_associative_set_back_\vc9_labat_sorted_associative_set_back.vcproj", "{AFBDE020-1287-4EE8-A2DB-43F6157FD670}"
EndProject
Project("{8BC9CEB8-8B4A-11D0-8D11-00A0C91BC942}") = "vc9_labat_sorted_associative_map_back", "labat_sorted_associative_map_back_\vc9_labat_sorted_associative_map_back.vcproj", "{BF42574F-66E2-42DD-90D9-3A8FCE6F4772}"
EndProject
Project("{8BC9CEB8-8B4A-11D0-8D11-00A0C91BC942}") = "vc9_labat_itl_morphic", "labat_itl_morphic_\vc9_labat_itl_morphic.vcproj", "{612A0CA2-9206-4D24-8C34-D1E48D5FEC6E}"
EndProject
Project("{8BC9CEB8-8B4A-11D0-8D11-00A0C91BC942}") = "vc9_de_morgan", "de_morgan_\vc9_de_morgan.vcproj", "{BF42574F-66E2-42DD-90D9-3A8FCE6F4740}"
EndProject
Global
	GlobalSection(SolutionConfigurationPlatforms) = preSolution
		Debug|Win32 = Debug|Win32
		Release|Win32 = Release|Win32
	EndGlobalSection
	GlobalSection(ProjectConfigurationPlatforms) = postSolution
		{BF42574F-66E2-42DD-90D9-3A8FCE6F4723}.Debug|Win32.ActiveCfg = Debug|Win32
		{BF42574F-66E2-42DD-90D9-3A8FCE6F4723}.Debug|Win32.Build.0 = Debug|Win32
		{BF42574F-66E2-42DD-90D9-3A8FCE6F4723}.Release|Win32.ActiveCfg = Release|Win32
		{BF42574F-66E2-42DD-90D9-3A8FCE6F4723}.Release|Win32.Build.0 = Release|Win32
		{BF42574F-66E2-42DD-90D9-3A8FCE6F472B}.Debug|Win32.ActiveCfg = Debug|Win32
		{BF42574F-66E2-42DD-90D9-3A8FCE6F472B}.Debug|Win32.Build.0 = Debug|Win32
		{BF42574F-66E2-42DD-90D9-3A8FCE6F472B}.Release|Win32.ActiveCfg = Release|Win32
		{BF42574F-66E2-42DD-90D9-3A8FCE6F472B}.Release|Win32.Build.0 = Release|Win32
		{BF42574F-66E2-42DD-90D9-3A8FCE6F4720}.Debug|Win32.ActiveCfg = Debug|Win32
		{BF42574F-66E2-42DD-90D9-3A8FCE6F4720}.Debug|Win32.Build.0 = Debug|Win32
		{BF42574F-66E2-42DD-90D9-3A8FCE6F4720}.Release|Win32.ActiveCfg = Release|Win32
		{BF42574F-66E2-42DD-90D9-3A8FCE6F4720}.Release|Win32.Build.0 = Release|Win32
		{9EF72937-0585-487D-B887-5359BFA569E9}.Debug|Win32.ActiveCfg = Debug|Win32
		{9EF72937-0585-487D-B887-5359BFA569E9}.Debug|Win32.Build.0 = Debug|Win32
		{9EF72937-0585-487D-B887-5359BFA569E9}.Release|Win32.ActiveCfg = Release|Win32
		{9EF72937-0585-487D-B887-5359BFA569E9}.Release|Win32.Build.0 = Release|Win32
		{BF42574F-66E2-42DD-90D9-3A8FCE6F471C}.Debug|Win32.ActiveCfg = Debug|Win32
		{BF42574F-66E2-42DD-90D9-3A8FCE6F471C}.Debug|Win32.Build.0 = Debug|Win32
		{BF42574F-66E2-42DD-90D9-3A8FCE6F471C}.Release|Win32.ActiveCfg = Release|Win32
		{BF42574F-66E2-42DD-90D9-3A8FCE6F471C}.Release|Win32.Build.0 = Release|Win32
		{BF42574F-66E2-42DD-90D9-3A8FCE6F4762}.Debug|Win32.ActiveCfg = Debug|Win32
		{BF42574F-66E2-42DD-90D9-3A8FCE6F4762}.Debug|Win32.Build.0 = Debug|Win32
		{BF42574F-66E2-42DD-90D9-3A8FCE6F4762}.Release|Win32.ActiveCfg = Release|Win32
		{BF42574F-66E2-42DD-90D9-3A8FCE6F4762}.Release|Win32.Build.0 = Release|Win32
		{BF42574F-66E2-42DD-90D9-3A8FCE6F4763}.Debug|Win32.ActiveCfg = Debug|Win32
		{BF42574F-66E2-42DD-90D9-3A8FCE6F4763}.Debug|Win32.Build.0 = Debug|Win32
		{BF42574F-66E2-42DD-90D9-3A8FCE6F4763}.Release|Win32.ActiveCfg = Release|Win32
		{BF42574F-66E2-42DD-90D9-3A8FCE6F4763}.Release|Win32.Build.0 = Release|Win32
		{BF42574F-66E2-42DD-90D9-3A8FCE6F4764}.Debug|Win32.ActiveCfg = Debug|Win32
		{BF42574F-66E2-42DD-90D9-3A8FCE6F4764}.Debug|Win32.Build.0 = Debug|Win32
		{BF42574F-66E2-42DD-90D9-3A8FCE6F4764}.Release|Win32.ActiveCfg = Release|Win32
		{BF42574F-66E2-42DD-90D9-3A8FCE6F4764}.Release|Win32.Build.0 = Release|Win32
		{AFBDE020-1287-4EE8-A2DB-43F6157FD660}.Debug|Win32.ActiveCfg = Debug|Win32
		{AFBDE020-1287-4EE8-A2DB-43F6157FD660}.Debug|Win32.Build.0 = Debug|Win32
		{AFBDE020-1287-4EE8-A2DB-43F6157FD660}.Release|Win32.ActiveCfg = Release|Win32
		{AFBDE020-1287-4EE8-A2DB-43F6157FD660}.Release|Win32.Build.0 = Release|Win32
		{AFBDE020-1287-4EE8-A2DB-43F6157FD670}.Debug|Win32.ActiveCfg = Debug|Win32
		{AFBDE020-1287-4EE8-A2DB-43F6157FD670}.Debug|Win32.Build.0 = Debug|Win32
		{AFBDE020-1287-4EE8-A2DB-43F6157FD670}.Release|Win32.ActiveCfg = Release|Win32
		{AFBDE020-1287-4EE8-A2DB-43F6157FD670}.Release|Win32.Build.0 = Release|Win32
		{BF42574F-66E2-42DD-90D9-3A8FCE6F4772}.Debug|Win32.ActiveCfg = Debug|Win32
		{BF42574F-66E2-42DD-90D9-3A8FCE6F4772}.Debug|Win32.Build.0 = Debug|Win32
		{BF42574F-66E2-42DD-90D9-3A8FCE6F4772}.Release|Win32.ActiveCfg = Release|Win32
		{BF42574F-66E2-42DD-90D9-3A8FCE6F4772}.Release|Win32.Build.0 = Release|Win32
		{612A0CA2-9206-4D24-8C34-D1E48D5FEC6E}.Debug|Win32.ActiveCfg = Debug|Win32
		{612A0CA2-9206-4D24-8C34-D1E48D5FEC6E}.Debug|Win32.Build.0 = Debug|Win32
		{612A0CA2-9206-4D24-8C34-D1E48D5FEC6E}.Release|Win32.ActiveCfg = Release|Win32
		{612A0CA2-9206-4D24-8C34-D1E48D5FEC6E}.Release|Win32.Build.0 = Release|Win32
		{BF42574F-66E2-42DD-90D9-3A8FCE6F4740}.Debug|Win32.ActiveCfg = Debug|Win32
		{BF42574F-66E2-42DD-90D9-3A8FCE6F4740}.Debug|Win32.Build.0 = Debug|Win32
		{BF42574F-66E2-42DD-90D9-3A8FCE6F4740}.Release|Win32.ActiveCfg = Release|Win32
		{BF42574F-66E2-42DD-90D9-3A8FCE6F4740}.Release|Win32.Build.0 = Release|Win32
	EndGlobalSection
	GlobalSection(SolutionProperties) = preSolution
		HideSolutionNode = FALSE
	EndGlobalSection
EndGlobal
