Microsoft Visual Studio Solution File, Format Version 8.00
Project("{8BC9CEB8-8B4A-11D0-8D11-00A0C91BC942}") = "_shmemlib", "shmemlib.vcproj", "{FFAA56F1-32EC-4B22-B6BD-95A311A67C50}"
	ProjectSection(ProjectDependencies) = postProject
	EndProjectSection
EndProject
Project("{8BC9CEB8-8B4A-11D0-8D11-00A0C91BC942}") = "allocate_ex", "allocate_ex.vcproj", "{58CCE183-6092-48FE-A4F7-BA0D3A792606}"
	ProjectSection(ProjectDependencies) = postProject
	EndProjectSection
EndProject
Project("{8BC9CEB8-8B4A-11D0-8D11-00A0C91BC942}") = "named_allocate_ex", "named_allocate_ex.vcproj", "{58CCE183-6092-48FE-A4F7-BA0D3A792606}"
	ProjectSection(ProjectDependencies) = postProject
	EndProjectSection
EndProject
Project("{8BC9CEB8-8B4A-11D0-8D11-00A0C91BC942}") = "list_test", "list_ex.vcproj", "{58CCE183-6092-48FE-A4F7-BA0D3A792606}"
	ProjectSection(ProjectDependencies) = postProject
	EndProjectSection
EndProject
Project("{8BC9CEB8-8B4A-11D0-8D11-00A0C91BC942}") = "allocexcept_ex", "allocexcept_test.vcproj", "{58CCE183-6092-48FE-A4F7-BA0D3A792606}"
	ProjectSection(ProjectDependencies) = postProject
	EndProjectSection
EndProject
Project("{8BC9CEB8-8B4A-11D0-8D11-00A0C91BC942}") = "ProcessA", "ProcessA.vcproj", "{58CCE183-6092-48FE-A4F7-BA0D3A792606}"
	ProjectSection(ProjectDependencies) = postProject
	EndProjectSection
EndProject
Project("{8BC9CEB8-8B4A-11D0-8D11-00A0C91BC942}") = "ProcessB", "ProcessB.vcproj", "{58CCE183-6092-48FE-A4F7-BA0D3A792606}"
	ProjectSection(ProjectDependencies) = postProject
	EndProjectSection
EndProject
Project("{8BC9CEB8-8B4A-11D0-8D11-00A0C91BC942}") = "data_test", "data_test.vcproj", "{58CCE183-6092-48FE-A4F7-BA0D3A792606}"
	ProjectSection(ProjectDependencies) = postProject
	EndProjectSection
EndProject
Project("{8BC9CEB8-8B4A-11D0-8D11-00A0C91BC942}") = "shared_condition_test", "shared_condition_test.vcproj", "{58CCE183-6092-48FE-A4F7-BA0D3A792606}"
	ProjectSection(ProjectDependencies) = postProject
	EndProjectSection
EndProject
Project("{8BC9CEB8-8B4A-11D0-8D11-00A0C91BC942}") = "ProcessAFixed", "ProcessAFixed.vcproj", "{58CCE183-6092-48FE-A4F7-BA0D3A792606}"
	ProjectSection(ProjectDependencies) = postProject
	EndProjectSection
EndProject
Project("{8BC9CEB8-8B4A-11D0-8D11-00A0C91BC942}") = "ProcessBFixed", "ProcessBFixed.vcproj", "{58CCE183-6092-48FE-A4F7-BA0D3A792606}"
	ProjectSection(ProjectDependencies) = postProject
	EndProjectSection
EndProject
Project("{8BC9CEB8-8B4A-11D0-8D11-00A0C91BC942}") = "shared_barrier_test", "shared_barrier_test.vcproj", "{58CCE183-6092-48FE-A4F7-BA0D3A792606}"
	ProjectSection(ProjectDependencies) = postProject
	EndProjectSection
EndProject
Project("{8BC9CEB8-8B4A-11D0-8D11-00A0C91BC942}") = "shared_read_write_mutex_test", "shared_read_write_mutex_test.vcproj", "{58CCE183-6092-48FE-A4F7-BA0D3A792606}"
	ProjectSection(ProjectDependencies) = postProject
	EndProjectSection
EndProject
Project("{8BC9CEB8-8B4A-11D0-8D11-00A0C91BC942}") = "user_buffer_test", "user_buffer_test.vcproj", "{58CCE183-6092-48FE-A4F7-BA0D3A792606}"
	ProjectSection(ProjectDependencies) = postProject
	EndProjectSection
EndProject
Project("{8BC9CEB8-8B4A-11D0-8D11-00A0C91BC942}") = "string_test", "string_test.vcproj", "{58CCE183-6092-48FE-A4F7-BA0D4A792602}"
	ProjectSection(ProjectDependencies) = postProject
	EndProjectSection
EndProject
Project("{8BC9CEB8-8B4A-11D0-8D11-00A0C91BC942}") = "node_allocator_test", "node_allocator_test.vcproj", "{58CCE183-6092-48FE-A4F7-BA0D3A792606}"
	ProjectSection(ProjectDependencies) = postProject
	EndProjectSection
EndProject
Project("{8BC9CEB8-8B4A-11D0-8D11-00A0C91BC942}") = "private_node_allocator_test", "private_node_allocator_test.vcproj", "{58CCE183-6092-48FE-A4F7-BA0D3A792606}"
	ProjectSection(ProjectDependencies) = postProject
	EndProjectSection
EndProject
Project("{8BC9CEB8-8B4A-11D0-8D11-00A0C91BC942}") = "tree_test", "tree_test.vcproj", "{58CCE183-6092-48FE-A4F7-BA0D3A792606}"
	ProjectSection(ProjectDependencies) = postProject
	EndProjectSection
EndProject
Project("{8BC9CEB8-8B4A-11D0-8D11-00A0C91BC942}") = "flat_tree_test", "flat_tree_test.vcproj", "{58CCE183-6092-48FE-A4F7-BA0D3A792606}"
	ProjectSection(ProjectDependencies) = postProject
	EndProjectSection
EndProject
Project("{8BC9CEB8-8B4A-11D0-8D11-00A0C91BC942}") = "deque_test", "deque_test.vcproj", "{58CCE183-6092-48FE-A4F7-BA0D3A792606}"
	ProjectSection(ProjectDependencies) = postProject
	EndProjectSection
EndProject
Project("{8BC9CEB8-8B4A-11D0-8D11-00A0C91BC942}") = "doc_ipc_messageB", "doc_ipc_messageB.vcproj", "{58CCE183-6092-48FE-A4F7-BA0D3A792606}"
	ProjectSection(ProjectDependencies) = postProject
	EndProjectSection
EndProject
Project("{8BC9CEB8-8B4A-11D0-8D11-00A0C91BC942}") = "doc_ipc_messageA", "doc_ipc_messageA.vcproj", "{58CCE183-6092-48FE-A4F7-BA0D3A792606}"
	ProjectSection(ProjectDependencies) = postProject
	EndProjectSection
EndProject
Project("{8BC9CEB8-8B4A-11D0-8D11-00A0C91BC942}") = "doc_named_allocB", "doc_name_allocB.vcproj", "{58CCE183-6092-48FE-A4F7-BA0D3A792606}"
	ProjectSection(ProjectDependencies) = postProject
	EndProjectSection
EndProject
Project("{8BC9CEB8-8B4A-11D0-8D11-00A0C91BC942}") = "doc_named_allocA", "doc_name_allocA.vcproj", "{58CCE183-6092-48FE-A4F7-BA0D3A792606}"
	ProjectSection(ProjectDependencies) = postProject
	EndProjectSection
EndProject
Project("{8BC9CEB8-8B4A-11D0-8D11-00A0C91BC942}") = "doc_offset_ptr", "doc_offset_ptr.vcproj", "{58CCE183-6092-48FE-A4F7-BA0D3A792606}"
	ProjectSection(ProjectDependencies) = postProject
	EndProjectSection
EndProject
Project("{8BC9CEB8-8B4A-11D0-8D11-00A0C91BC942}") = "doc_cont", "doc_cont.vcproj", "{58CCE183-6092-48FE-A4F7-BA0D3A792606}"
	ProjectSection(ProjectDependencies) = postProject
	EndProjectSection
EndProject
Project("{8BC9CEB8-8B4A-11D0-8D11-00A0C91BC942}") = "doc_cont_mapA", "doc_cont_mapA.vcproj", "{58CCE183-6092-48FE-A4F7-BA0D3A792606}"
	ProjectSection(ProjectDependencies) = postProject
	EndProjectSection
EndProject
Project("{8BC9CEB8-8B4A-11D0-8D11-00A0C91BC942}") = "doc_cont_mapB", "doc_cont_mapB.vcproj", "{58CCE183-6092-48FE-A4F7-BA0D3A792606}"
	ProjectSection(ProjectDependencies) = postProject
	EndProjectSection
EndProject
Project("{8BC9CEB8-8B4A-11D0-8D11-00A0C91BC942}") = "cached_node_allocator_test", "cached_node_allocator_test.vcproj", "{58CCE183-6092-48FE-A4F7-BA0D3A792606}"
	ProjectSection(ProjectDependencies) = postProject
	EndProjectSection
EndProject
Project("{8BC9CEB8-8B4A-11D0-8D11-00A0C91BC942}") = "mmapped_file_test", "mmapped_file_test.vcproj", "{58CCE183-6092-48FE-A4F7-BA0D3A792606}"
	ProjectSection(ProjectDependencies) = postProject
	EndProjectSection
EndProject
Project("{8BC9CEB8-8B4A-11D0-8D11-00A0C91BC942}") = "shared_message_queue_test", "shared_message_queue.vcproj", "{58CCE183-6092-48FE-A4F7-BA0D3A792606}"
	ProjectSection(ProjectDependencies) = postProject
	EndProjectSection
EndProject
Project("{8BC9CEB8-8B4A-11D0-8D11-00A0C91BC942}") = "slist_test", "slist_test.vcproj", "{58CCE183-6092-48FE-A4F7-BA0D3A792606}"
	ProjectSection(ProjectDependencies) = postProject
	EndProjectSection
EndProject
Project("{8BC9CEB8-8B4A-11D0-8D11-00A0C91BC942}") = "doc_named_heap_object", "doc_named_heap_object.vcproj", "{58CCE183-6092-48FE-A4FC-BA0D3A792606}"
	ProjectSection(ProjectDependencies) = postProject
	EndProjectSection
EndProject
Project("{8BC9CEB8-8B4A-11D0-8D11-00A0C91BC942}") = "doc_named_mfile_object", "doc_named_mfile_object.vcproj", "{58CCE183-5091-48FE-A4FC-BA0D3A792404}"
	ProjectSection(ProjectDependencies) = postProject
	EndProjectSection
EndProject
Project("{8BC9CEB8-8B4A-11D0-8D11-00A0C91BC942}") = "null_index_test", "null_index_test.vcproj", "{0000058C-0000-0000-0000-000000000000}"
	ProjectSection(ProjectDependencies) = postProject
	EndProjectSection
EndProject
Project("{8BC9CEB8-8B4A-11D0-8D11-00A0C91BC942}") = "intersegment_ptr_test", "intersegment_ptr_test.vcproj", "{58CCE183-6092-12FE-A4F7-BA0D3A767694}"
	ProjectSection(ProjectDependencies) = postProject
	EndProjectSection
EndProject
Project("{8BC9CEB8-8B4A-11D0-8D11-00A0C91BC942}") = "vectorstream_test", "vectorstream_test.vcproj", "{58CCE183-6032-12FE-A4F7-BA893A767694}"
	ProjectSection(ProjectDependencies) = postProject
	EndProjectSection
EndProject
Project("{8BC9CEB8-8B4A-11D0-8D11-00A0C91BC942}") = "bufferstream_test", "bufferstream_test.vcproj", "{58C183CE-6203-FE12-A237-BA8976695900}"
	ProjectSection(ProjectDependencies) = postProject
	EndProjectSection
EndProject
Project("{8BC9CEB8-8B4A-11D0-8D11-00A0C91BC942}") = "doc_vectorstream", "doc_vectorstream.vcproj", "{58C1B183-9260-4E8F-F200-000000000000}"
	ProjectSection(ProjectDependencies) = postProject
	EndProjectSection
EndProject
Project("{8BC9CEB8-8B4A-11D0-8D11-00A0C91BC942}") = "doc_bufferstream", "doc_bufferstream.vcproj", "{58C1B183-9026-4E12-00F2-001200540065}"
	ProjectSection(ProjectDependencies) = postProject
	EndProjectSection
EndProject
Global
	GlobalSection(SolutionConfiguration) = preSolution
		Debug = Debug
		Release = Release
	EndGlobalSection
	GlobalSection(ProjectConfiguration) = postSolution
		{FFAA56F1-32EC-4B22-B6BD-95A311A67C50}.Debug.ActiveCfg = Debug|Win32
		{FFAA56F1-32EC-4B22-B6BD-95A311A67C50}.Debug.Build.0 = Debug|Win32
		{FFAA56F1-32EC-4B22-B6BD-95A311A67C50}.Release.ActiveCfg = Release|Win32
		{FFAA56F1-32EC-4B22-B6BD-95A311A67C50}.Release.Build.0 = Release|Win32
		{58CCE183-6092-48FE-A4F7-BA0D3A792606}.Debug.ActiveCfg = Debug|Win32
		{58CCE183-6092-48FE-A4F7-BA0D3A792606}.Debug.Build.0 = Debug|Win32
		{58CCE183-6092-48FE-A4F7-BA0D3A792606}.Release.ActiveCfg = Release|Win32
		{58CCE183-6092-48FE-A4F7-BA0D3A792606}.Release.Build.0 = Release|Win32
		{58CCE183-6092-48FE-A4F7-BA0D3A792606}.Debug.ActiveCfg = Debug|Win32
		{58CCE183-6092-48FE-A4F7-BA0D3A792606}.Debug.Build.0 = Debug|Win32
		{58CCE183-6092-48FE-A4F7-BA0D3A792606}.Release.ActiveCfg = Release|Win32
		{58CCE183-6092-48FE-A4F7-BA0D3A792606}.Release.Build.0 = Release|Win32
		{58CCE183-6092-48FE-A4F7-BA0D3A792606}.Debug.ActiveCfg = Debug|Win32
		{58CCE183-6092-48FE-A4F7-BA0D3A792606}.Debug.Build.0 = Debug|Win32
		{58CCE183-6092-48FE-A4F7-BA0D3A792606}.Release.ActiveCfg = Release|Win32
		{58CCE183-6092-48FE-A4F7-BA0D3A792606}.Release.Build.0 = Release|Win32
		{58CCE183-6092-48FE-A4F7-BA0D3A792606}.Debug.ActiveCfg = Debug|Win32
		{58CCE183-6092-48FE-A4F7-BA0D3A792606}.Debug.Build.0 = Debug|Win32
		{58CCE183-6092-48FE-A4F7-BA0D3A792606}.Release.ActiveCfg = Release|Win32
		{58CCE183-6092-48FE-A4F7-BA0D3A792606}.Release.Build.0 = Release|Win32
		{58CCE183-6092-48FE-A4F7-BA0D3A792606}.Debug.ActiveCfg = Debug|Win32
		{58CCE183-6092-48FE-A4F7-BA0D3A792606}.Debug.Build.0 = Debug|Win32
		{58CCE183-6092-48FE-A4F7-BA0D3A792606}.Release.ActiveCfg = Release|Win32
		{58CCE183-6092-48FE-A4F7-BA0D3A792606}.Release.Build.0 = Release|Win32
		{58CCE183-6092-48FE-A4F7-BA0D3A792606}.Debug.ActiveCfg = Debug|Win32
		{58CCE183-6092-48FE-A4F7-BA0D3A792606}.Debug.Build.0 = Debug|Win32
		{58CCE183-6092-48FE-A4F7-BA0D3A792606}.Release.ActiveCfg = Release|Win32
		{58CCE183-6092-48FE-A4F7-BA0D3A792606}.Release.Build.0 = Release|Win32
		{58CCE183-6092-48FE-A4F7-BA0D3A792606}.Debug.ActiveCfg = Debug|Win32
		{58CCE183-6092-48FE-A4F7-BA0D3A792606}.Debug.Build.0 = Debug|Win32
		{58CCE183-6092-48FE-A4F7-BA0D3A792606}.Release.ActiveCfg = Release|Win32
		{58CCE183-6092-48FE-A4F7-BA0D3A792606}.Release.Build.0 = Release|Win32
		{58CCE183-6092-48FE-A4F7-BA0D3A792606}.Debug.ActiveCfg = Debug|Win32
		{58CCE183-6092-48FE-A4F7-BA0D3A792606}.Debug.Build.0 = Debug|Win32
		{58CCE183-6092-48FE-A4F7-BA0D3A792606}.Release.ActiveCfg = Release|Win32
		{58CCE183-6092-48FE-A4F7-BA0D3A792606}.Release.Build.0 = Release|Win32
		{58CCE183-6092-48FE-A4F7-BA0D3A792606}.Debug.ActiveCfg = Debug|Win32
		{58CCE183-6092-48FE-A4F7-BA0D3A792606}.Debug.Build.0 = Debug|Win32
		{58CCE183-6092-48FE-A4F7-BA0D3A792606}.Release.ActiveCfg = Release|Win32
		{58CCE183-6092-48FE-A4F7-BA0D3A792606}.Release.Build.0 = Release|Win32
		{58CCE183-6092-48FE-A4F7-BA0D3A792606}.Debug.ActiveCfg = Debug|Win32
		{58CCE183-6092-48FE-A4F7-BA0D3A792606}.Debug.Build.0 = Debug|Win32
		{58CCE183-6092-48FE-A4F7-BA0D3A792606}.Release.ActiveCfg = Release|Win32
		{58CCE183-6092-48FE-A4F7-BA0D3A792606}.Release.Build.0 = Release|Win32
		{58CCE183-6092-48FE-A4F7-BA0D3A792606}.Debug.ActiveCfg = Debug|Win32
		{58CCE183-6092-48FE-A4F7-BA0D3A792606}.Debug.Build.0 = Debug|Win32
		{58CCE183-6092-48FE-A4F7-BA0D3A792606}.Release.ActiveCfg = Release|Win32
		{58CCE183-6092-48FE-A4F7-BA0D3A792606}.Release.Build.0 = Release|Win32
		{58CCE183-6092-48FE-A4F7-BA0D3A792606}.Debug.ActiveCfg = Debug|Win32
		{58CCE183-6092-48FE-A4F7-BA0D3A792606}.Debug.Build.0 = Debug|Win32
		{58CCE183-6092-48FE-A4F7-BA0D3A792606}.Release.ActiveCfg = Release|Win32
		{58CCE183-6092-48FE-A4F7-BA0D3A792606}.Release.Build.0 = Release|Win32
		{58CCE183-6092-48FE-A4F7-BA0D3A792606}.Debug.ActiveCfg = Debug|Win32
		{58CCE183-6092-48FE-A4F7-BA0D3A792606}.Debug.Build.0 = Debug|Win32
		{58CCE183-6092-48FE-A4F7-BA0D3A792606}.Release.ActiveCfg = Release|Win32
		{58CCE183-6092-48FE-A4F7-BA0D3A792606}.Release.Build.0 = Release|Win32
		{58CCE183-6092-48FE-A4F7-BA0D4A792602}.Debug.ActiveCfg = Debug|Win32
		{58CCE183-6092-48FE-A4F7-BA0D4A792602}.Debug.Build.0 = Debug|Win32
		{58CCE183-6092-48FE-A4F7-BA0D4A792602}.Release.ActiveCfg = Release|Win32
		{58CCE183-6092-48FE-A4F7-BA0D4A792602}.Release.Build.0 = Release|Win32
		{58CCE183-6092-48FE-A4F7-BA0D3A792606}.Debug.ActiveCfg = Debug|Win32
		{58CCE183-6092-48FE-A4F7-BA0D3A792606}.Debug.Build.0 = Debug|Win32
		{58CCE183-6092-48FE-A4F7-BA0D3A792606}.Release.ActiveCfg = Release|Win32
		{58CCE183-6092-48FE-A4F7-BA0D3A792606}.Release.Build.0 = Release|Win32
		{58CCE183-6092-48FE-A4F7-BA0D3A792606}.Debug.ActiveCfg = Debug|Win32
		{58CCE183-6092-48FE-A4F7-BA0D3A792606}.Debug.Build.0 = Debug|Win32
		{58CCE183-6092-48FE-A4F7-BA0D3A792606}.Release.ActiveCfg = Release|Win32
		{58CCE183-6092-48FE-A4F7-BA0D3A792606}.Release.Build.0 = Release|Win32
		{58CCE183-6092-48FE-A4F7-BA0D3A792606}.Debug.ActiveCfg = Debug|Win32
		{58CCE183-6092-48FE-A4F7-BA0D3A792606}.Debug.Build.0 = Debug|Win32
		{58CCE183-6092-48FE-A4F7-BA0D3A792606}.Release.ActiveCfg = Release|Win32
		{58CCE183-6092-48FE-A4F7-BA0D3A792606}.Release.Build.0 = Release|Win32
		{58CCE183-6092-48FE-A4F7-BA0D3A792606}.Debug.ActiveCfg = Debug|Win32
		{58CCE183-6092-48FE-A4F7-BA0D3A792606}.Debug.Build.0 = Debug|Win32
		{58CCE183-6092-48FE-A4F7-BA0D3A792606}.Release.ActiveCfg = Release|Win32
		{58CCE183-6092-48FE-A4F7-BA0D3A792606}.Release.Build.0 = Release|Win32
		{58CCE183-6092-48FE-A4F7-BA0D3A792606}.Debug.ActiveCfg = Debug|Win32
		{58CCE183-6092-48FE-A4F7-BA0D3A792606}.Debug.Build.0 = Debug|Win32
		{58CCE183-6092-48FE-A4F7-BA0D3A792606}.Release.ActiveCfg = Release|Win32
		{58CCE183-6092-48FE-A4F7-BA0D3A792606}.Release.Build.0 = Release|Win32
		{58CCE183-6092-48FE-A4F7-BA0D3A792606}.Debug.ActiveCfg = Debug|Win32
		{58CCE183-6092-48FE-A4F7-BA0D3A792606}.Debug.Build.0 = Debug|Win32
		{58CCE183-6092-48FE-A4F7-BA0D3A792606}.Release.ActiveCfg = Release|Win32
		{58CCE183-6092-48FE-A4F7-BA0D3A792606}.Release.Build.0 = Release|Win32
		{58CCE183-6092-48FE-A4F7-BA0D3A792606}.Debug.ActiveCfg = Debug|Win32
		{58CCE183-6092-48FE-A4F7-BA0D3A792606}.Debug.Build.0 = Debug|Win32
		{58CCE183-6092-48FE-A4F7-BA0D3A792606}.Release.ActiveCfg = Release|Win32
		{58CCE183-6092-48FE-A4F7-BA0D3A792606}.Release.Build.0 = Release|Win32
		{58CCE183-6092-48FE-A4F7-BA0D3A792606}.Debug.ActiveCfg = Debug|Win32
		{58CCE183-6092-48FE-A4F7-BA0D3A792606}.Debug.Build.0 = Debug|Win32
		{58CCE183-6092-48FE-A4F7-BA0D3A792606}.Release.ActiveCfg = Release|Win32
		{58CCE183-6092-48FE-A4F7-BA0D3A792606}.Release.Build.0 = Release|Win32
		{58CCE183-6092-48FE-A4F7-BA0D3A792606}.Debug.ActiveCfg = Debug|Win32
		{58CCE183-6092-48FE-A4F7-BA0D3A792606}.Debug.Build.0 = Debug|Win32
		{58CCE183-6092-48FE-A4F7-BA0D3A792606}.Release.ActiveCfg = Release|Win32
		{58CCE183-6092-48FE-A4F7-BA0D3A792606}.Release.Build.0 = Release|Win32
		{58CCE183-6092-48FE-A4F7-BA0D3A792606}.Debug.ActiveCfg = Debug|Win32
		{58CCE183-6092-48FE-A4F7-BA0D3A792606}.Debug.Build.0 = Debug|Win32
		{58CCE183-6092-48FE-A4F7-BA0D3A792606}.Release.ActiveCfg = Release|Win32
		{58CCE183-6092-48FE-A4F7-BA0D3A792606}.Release.Build.0 = Release|Win32
		{58CCE183-6092-48FE-A4F7-BA0D3A792606}.Debug.ActiveCfg = Debug|Win32
		{58CCE183-6092-48FE-A4F7-BA0D3A792606}.Debug.Build.0 = Debug|Win32
		{58CCE183-6092-48FE-A4F7-BA0D3A792606}.Release.ActiveCfg = Release|Win32
		{58CCE183-6092-48FE-A4F7-BA0D3A792606}.Release.Build.0 = Release|Win32
		{58CCE183-6092-48FE-A4F7-BA0D3A792606}.Debug.ActiveCfg = Debug|Win32
		{58CCE183-6092-48FE-A4F7-BA0D3A792606}.Debug.Build.0 = Debug|Win32
		{58CCE183-6092-48FE-A4F7-BA0D3A792606}.Release.ActiveCfg = Release|Win32
		{58CCE183-6092-48FE-A4F7-BA0D3A792606}.Release.Build.0 = Release|Win32
		{58CCE183-6092-48FE-A4F7-BA0D3A792606}.Debug.ActiveCfg = Debug|Win32
		{58CCE183-6092-48FE-A4F7-BA0D3A792606}.Debug.Build.0 = Debug|Win32
		{58CCE183-6092-48FE-A4F7-BA0D3A792606}.Release.ActiveCfg = Release|Win32
		{58CCE183-6092-48FE-A4F7-BA0D3A792606}.Release.Build.0 = Release|Win32
		{58CCE183-6092-48FE-A4F7-BA0D3A792606}.Debug.ActiveCfg = Debug|Win32
		{58CCE183-6092-48FE-A4F7-BA0D3A792606}.Debug.Build.0 = Debug|Win32
		{58CCE183-6092-48FE-A4F7-BA0D3A792606}.Release.ActiveCfg = Release|Win32
		{58CCE183-6092-48FE-A4F7-BA0D3A792606}.Release.Build.0 = Release|Win32
		{58CCE183-6092-48FE-A4F7-BA0D3A792606}.Debug.ActiveCfg = Debug|Win32
		{58CCE183-6092-48FE-A4F7-BA0D3A792606}.Debug.Build.0 = Debug|Win32
		{58CCE183-6092-48FE-A4F7-BA0D3A792606}.Release.ActiveCfg = Release|Win32
		{58CCE183-6092-48FE-A4F7-BA0D3A792606}.Release.Build.0 = Release|Win32
		{58CCE183-6092-48FE-A4F7-BA0D3A792606}.Debug.ActiveCfg = Debug|Win32
		{58CCE183-6092-48FE-A4F7-BA0D3A792606}.Debug.Build.0 = Debug|Win32
		{58CCE183-6092-48FE-A4F7-BA0D3A792606}.Release.ActiveCfg = Release|Win32
		{58CCE183-6092-48FE-A4F7-BA0D3A792606}.Release.Build.0 = Release|Win32
		{58CCE183-6092-48FE-A4F7-BA0D3A792606}.Debug.ActiveCfg = Debug|Win32
		{58CCE183-6092-48FE-A4F7-BA0D3A792606}.Debug.Build.0 = Debug|Win32
		{58CCE183-6092-48FE-A4F7-BA0D3A792606}.Release.ActiveCfg = Release|Win32
		{58CCE183-6092-48FE-A4F7-BA0D3A792606}.Release.Build.0 = Release|Win32
		{58CCE183-6092-48FE-A4FC-BA0D3A792606}.Debug.ActiveCfg = Debug|Win32
		{58CCE183-6092-48FE-A4FC-BA0D3A792606}.Debug.Build.0 = Debug|Win32
		{58CCE183-6092-48FE-A4FC-BA0D3A792606}.Release.ActiveCfg = Release|Win32
		{58CCE183-6092-48FE-A4FC-BA0D3A792606}.Release.Build.0 = Release|Win32
		{58CCE183-5091-48FE-A4FC-BA0D3A792404}.Debug.ActiveCfg = Debug|Win32
		{58CCE183-5091-48FE-A4FC-BA0D3A792404}.Debug.Build.0 = Debug|Win32
		{58CCE183-5091-48FE-A4FC-BA0D3A792404}.Release.ActiveCfg = Release|Win32
		{58CCE183-5091-48FE-A4FC-BA0D3A792404}.Release.Build.0 = Release|Win32
		{0000058C-0000-0000-0000-000000000000}.Debug.ActiveCfg = Debug|Win32
		{0000058C-0000-0000-0000-000000000000}.Debug.Build.0 = Debug|Win32
		{0000058C-0000-0000-0000-000000000000}.Release.ActiveCfg = Release|Win32
		{0000058C-0000-0000-0000-000000000000}.Release.Build.0 = Release|Win32
		{58CCE183-6092-12FE-A4F7-BA0D3A767694}.Debug.ActiveCfg = Debug|Win32
		{58CCE183-6092-12FE-A4F7-BA0D3A767694}.Debug.Build.0 = Debug|Win32
		{58CCE183-6092-12FE-A4F7-BA0D3A767694}.Release.ActiveCfg = Release|Win32
		{58CCE183-6092-12FE-A4F7-BA0D3A767694}.Release.Build.0 = Release|Win32
		{58CCE183-6032-12FE-A4F7-BA893A767694}.Debug.ActiveCfg = Debug|Win32
		{58CCE183-6032-12FE-A4F7-BA893A767694}.Debug.Build.0 = Debug|Win32
		{58CCE183-6032-12FE-A4F7-BA893A767694}.Release.ActiveCfg = Release|Win32
		{58CCE183-6032-12FE-A4F7-BA893A767694}.Release.Build.0 = Release|Win32
		{58C183CE-6203-FE12-A237-BA8976695900}.Debug.ActiveCfg = Debug|Win32
		{58C183CE-6203-FE12-A237-BA8976695900}.Debug.Build.0 = Debug|Win32
		{58C183CE-6203-FE12-A237-BA8976695900}.Release.ActiveCfg = Release|Win32
		{58C183CE-6203-FE12-A237-BA8976695900}.Release.Build.0 = Release|Win32
		{58C1B183-9260-4E8F-F200-000000000000}.Debug.ActiveCfg = Debug|Win32
		{58C1B183-9260-4E8F-F200-000000000000}.Debug.Build.0 = Debug|Win32
		{58C1B183-9260-4E8F-F200-000000000000}.Release.ActiveCfg = Release|Win32
		{58C1B183-9260-4E8F-F200-000000000000}.Release.Build.0 = Release|Win32
		{58C1B183-9026-4E12-00F2-001200540065}.Debug.ActiveCfg = Debug|Win32
		{58C1B183-9026-4E12-00F2-001200540065}.Debug.Build.0 = Debug|Win32
		{58C1B183-9026-4E12-00F2-001200540065}.Release.ActiveCfg = Release|Win32
		{58C1B183-9026-4E12-00F2-001200540065}.Release.Build.0 = Release|Win32
	EndGlobalSection
	GlobalSection(ExtensibilityGlobals) = postSolution
	EndGlobalSection
	GlobalSection(ExtensibilityAddIns) = postSolution
	EndGlobalSection
EndGlobal
